
Microsoft Visual Studio Solution File, Format Version 12.00
# Visual Studio 14
VisualStudioVersion = 14.0.23107.0
MinimumVisualStudioVersion = 10.0.40219.1
Project("{8BC9CEB8-8B4A-11D0-8D11-00A0C91BC942}") = "交行按键板--17.7.13--V1.5 VSproject", "交行按键板--17.7.13--V1.5 VSproject.vcxproj", "{F3544266-1928-4A2F-9D2B-10C58CA412A4}"
EndProject
Global
	GlobalSection(SolutionConfigurationPlatforms) = preSolution
		Debug|x64 = Debug|x64
		Debug|x86 = Debug|x86
		Release|x64 = Release|x64
		Release|x86 = Release|x86
	EndGlobalSection
	GlobalSection(ProjectConfigurationPlatforms) = postSolution
		{F3544266-1928-4A2F-9D2B-10C58CA412A4}.Debug|x64.ActiveCfg = Debug|x64
		{F3544266-1928-4A2F-9D2B-10C58CA412A4}.Debug|x64.Build.0 = Debug|x64
		{F3544266-1928-4A2F-9D2B-10C58CA412A4}.Debug|x86.ActiveCfg = Debug|Win32
		{F3544266-1928-4A2F-9D2B-10C58CA412A4}.Debug|x86.Build.0 = Debug|Win32
		{F3544266-1928-4A2F-9D2B-10C58CA412A4}.Release|x64.ActiveCfg = Release|x64
		{F3544266-1928-4A2F-9D2B-10C58CA412A4}.Release|x64.Build.0 = Release|x64
		{F3544266-1928-4A2F-9D2B-10C58CA412A4}.Release|x86.ActiveCfg = Release|Win32
		{F3544266-1928-4A2F-9D2B-10C58CA412A4}.Release|x86.Build.0 = Release|Win32
	EndGlobalSection
	GlobalSection(SolutionProperties) = preSolution
		HideSolutionNode = FALSE
	EndGlobalSection
EndGlobal
